
Microsoft Visual Studio Solution File, Format Version 12.00
# Visual Studio Version 17
VisualStudioVersion = 17.10.35122.118
MinimumVisualStudioVersion = 10.0.40219.1
Project("{2150E333-8FDC-42A3-9474-1A3956D46DE8}") = "src", "src", "{60A3FD98-7F29-450F-9371-BF82BC9B3C95}"
EndProject
Project("{2150E333-8FDC-42A3-9474-1A3956D46DE8}") = "Services", "Services", "{CE704BEB-D38C-4C47-9128-7CFF07AD8C89}"
EndProject
Project("{2150E333-8FDC-42A3-9474-1A3956D46DE8}") = "Core", "Core", "{84694D8B-1A7C-4F2D-BAA4-11FFFBFE8465}"
EndProject
Project("{2150E333-8FDC-42A3-9474-1A3956D46DE8}") = "BFF", "BFF", "{F547CB9B-C2DC-4C4C-904D-6842230F5540}"
EndProject
Project("{2150E333-8FDC-42A3-9474-1A3956D46DE8}") = "Order", "Order", "{406D4DCC-DD3F-4DE5-9CFB-DC587FC4B007}"
EndProject
Project("{2150E333-8FDC-42A3-9474-1A3956D46DE8}") = "Presentation", "Presentation", "{E4C47FBA-97FC-4C55-A6E4-33B67A1A268E}"
EndProject
Project("{2150E333-8FDC-42A3-9474-1A3956D46DE8}") = "Test", "Test", "{457987F1-1780-4AE9-92FE-42A5891F42F3}"
EndProject
Project("{2150E333-8FDC-42A3-9474-1A3956D46DE8}") = "Infrastructure", "Infrastructure", "{277F3F39-92C3-4D8D-9542-42E5ECB25E13}"
EndProject
Project("{2150E333-8FDC-42A3-9474-1A3956D46DE8}") = "Core", "Core", "{2F6662E3-C77F-481F-862E-BB6205ABFD90}"
EndProject
Project("{9A19103F-16F7-4668-BE54-9A1E7A4F7556}") = "MarGate.Order.Api", "src\Services\Order\Presentation\MarGate.Order.Api\MarGate.Order.Api.csproj", "{550491F1-88DC-4976-8BFF-A7F186BFFD0F}"
EndProject
Project("{9A19103F-16F7-4668-BE54-9A1E7A4F7556}") = "MarGate.Order.Application", "src\Services\Order\Core\MarGate.Order.Application\MarGate.Order.Application.csproj", "{694032F2-DF7E-44E5-B9C8-C380D63A5492}"
EndProject
Project("{9A19103F-16F7-4668-BE54-9A1E7A4F7556}") = "MarGate.Order.Domain", "src\Services\Order\Core\MarGate.Order.Domain\MarGate.Order.Domain.csproj", "{CB6C7AB5-AD26-45BB-9973-54434CB708F7}"
EndProject
Project("{9A19103F-16F7-4668-BE54-9A1E7A4F7556}") = "MarGate.Order.Persistence", "src\Services\Order\Infrastructure\MarGate.Order.Persistence\MarGate.Order.Persistence.csproj", "{454DB9D9-45CF-436B-939C-A46B85F7999F}"
EndProject
Project("{2150E333-8FDC-42A3-9474-1A3956D46DE8}") = "Cache", "Cache", "{BB3C9090-80E6-496A-B7C2-2C9EF24B5FDF}"
EndProject
Project("{2150E333-8FDC-42A3-9474-1A3956D46DE8}") = "CQRS", "CQRS", "{668F5486-4154-4858-B265-A3BF1051E188}"
EndProject
Project("{9A19103F-16F7-4668-BE54-9A1E7A4F7556}") = "MarGate.Core.Cache", "src\Core\Cache\MarGate.Core.Cache\MarGate.Core.Cache.csproj", "{C7F764E5-37A4-48D2-8A17-27EE5D99D736}"
EndProject
Project("{9A19103F-16F7-4668-BE54-9A1E7A4F7556}") = "MarGate.Core.CQRS", "src\Core\CQRS\MarGate.Core.CQRS\MarGate.Core.CQRS.csproj", "{CC5BA9EF-1DAD-4B6A-A4D7-8BCAA482A42A}"
EndProject
Project("{2150E333-8FDC-42A3-9474-1A3956D46DE8}") = "Payment", "Payment", "{BB3D6BF8-C285-4DCA-83E1-AD8ADA79B032}"
EndProject
Project("{2150E333-8FDC-42A3-9474-1A3956D46DE8}") = "Core", "Core", "{A2CDDF54-7B74-4275-ABF5-F52788186D34}"
EndProject
Project("{2150E333-8FDC-42A3-9474-1A3956D46DE8}") = "Infrastructure", "Infrastructure", "{299D8EBF-5B0B-419E-9F38-E5BD2E64BCEC}"
EndProject
Project("{2150E333-8FDC-42A3-9474-1A3956D46DE8}") = "Presentation", "Presentation", "{856448AA-8AAD-4AC6-9D9B-0D1091B4AE8B}"
EndProject
Project("{2150E333-8FDC-42A3-9474-1A3956D46DE8}") = "Test", "Test", "{B27B227E-58DB-43BF-A54E-69F6F383030C}"
EndProject
Project("{9A19103F-16F7-4668-BE54-9A1E7A4F7556}") = "MarGate.Payment.Application", "src\Services\Payment\Core\MarGate.Payment.Application\MarGate.Payment.Application.csproj", "{96F13F8C-1A3F-49A7-82C1-8A8FE3B2F5ED}"
EndProject
Project("{9A19103F-16F7-4668-BE54-9A1E7A4F7556}") = "MarGate.Payment.Domain", "src\Services\Payment\Core\MarGate.Payment.Domain\MarGate.Payment.Domain.csproj", "{ECE57265-9D48-4101-8C30-D9A26BDC3F33}"
EndProject
Project("{9A19103F-16F7-4668-BE54-9A1E7A4F7556}") = "MarGate.Payment.Persistence", "src\Services\Payment\Infrastructure\MarGate.Payment.Persistence\MarGate.Payment.Persistence.csproj", "{A1DD6569-B251-4A1B-B2D3-952A0232DFDB}"
EndProject
Project("{9A19103F-16F7-4668-BE54-9A1E7A4F7556}") = "MarGate.Payment.Api", "src\Services\Payment\Presentation\MarGate.Payment.Api\MarGate.Payment.Api.csproj", "{80085833-0D44-460E-A2B1-4A43C089B695}"
EndProject
Project("{2150E333-8FDC-42A3-9474-1A3956D46DE8}") = "Basket", "Basket", "{B1131E05-F9F2-409A-AEE7-9BC3D01D24B8}"
EndProject
Project("{2150E333-8FDC-42A3-9474-1A3956D46DE8}") = "Core", "Core", "{A79F8B2D-95C6-4235-AB2A-D24FDC7A0CFD}"
EndProject
Project("{2150E333-8FDC-42A3-9474-1A3956D46DE8}") = "Test", "Test", "{30E84C29-8A76-4247-A8FF-ECE912C40966}"
EndProject
Project("{2150E333-8FDC-42A3-9474-1A3956D46DE8}") = "Infrastructure", "Infrastructure", "{6D821A19-9088-412E-BEB1-9BDD7B2E5EE4}"
EndProject
Project("{2150E333-8FDC-42A3-9474-1A3956D46DE8}") = "Presentation", "Presentation", "{A70D81CC-A60E-44FE-A887-E226B81FC83C}"
EndProject
Project("{9A19103F-16F7-4668-BE54-9A1E7A4F7556}") = "MarGate.Basket.Application", "src\Services\Basket\Core\MarGate.Basket.Application\MarGate.Basket.Application.csproj", "{0F71D218-88CF-484F-91FA-B6FAF3B126E1}"
EndProject
Project("{9A19103F-16F7-4668-BE54-9A1E7A4F7556}") = "MarGate.Basket.Domain", "src\Services\Basket\Core\MarGate.Basket.Domain\MarGate.Basket.Domain.csproj", "{8EA1553E-C6D6-45DD-87E0-BFF9B9D49898}"
EndProject
Project("{9A19103F-16F7-4668-BE54-9A1E7A4F7556}") = "MarGate.Basket.Persistence", "src\Services\Basket\Infrastructure\MarGate.Basket.Persistence\MarGate.Basket.Persistence.csproj", "{01A28954-A089-4658-8D2F-1BD0B10DE369}"
EndProject
Project("{9A19103F-16F7-4668-BE54-9A1E7A4F7556}") = "MarGate.Basket.Api", "src\Services\Basket\Presentation\MarGate.Basket.Api\MarGate.Basket.Api.csproj", "{63C03E4A-9B6C-42D3-835F-B4A639A1B8E9}"
EndProject
Project("{2150E333-8FDC-42A3-9474-1A3956D46DE8}") = "Catalog", "Catalog", "{B6F633F4-4133-4359-A783-4960F83F96FD}"
EndProject
Project("{2150E333-8FDC-42A3-9474-1A3956D46DE8}") = "Core", "Core", "{89180B1D-C984-425C-863F-FF0067ADA27F}"
EndProject
Project("{2150E333-8FDC-42A3-9474-1A3956D46DE8}") = "Infrastructure", "Infrastructure", "{89B19398-B3CC-4607-9317-7FF07B2A163D}"
EndProject
Project("{2150E333-8FDC-42A3-9474-1A3956D46DE8}") = "Test", "Test", "{4BF2C2C8-79EE-4581-ACB2-2ED93E2E191B}"
EndProject
Project("{2150E333-8FDC-42A3-9474-1A3956D46DE8}") = "Presentation", "Presentation", "{957FCF70-A918-43DA-8EED-E2A2F1795C34}"
EndProject
Project("{9A19103F-16F7-4668-BE54-9A1E7A4F7556}") = "MarGate.Catalog.Application", "src\Services\Catalog\Core\MarGate.Catalog.Application\MarGate.Catalog.Application.csproj", "{2500CFAB-3D1A-4D52-B6D1-19CEEE5B5545}"
EndProject
Project("{9A19103F-16F7-4668-BE54-9A1E7A4F7556}") = "MarGate.Catalog.Api", "src\Services\Catalog\Presentation\MarGate.Catalog.Api\MarGate.Catalog.Api.csproj", "{7ABBCE50-A000-48A6-A6B6-D04319E52673}"
EndProject
Project("{9A19103F-16F7-4668-BE54-9A1E7A4F7556}") = "MarGate.Catalog.Domain", "src\Services\Catalog\Core\MarGate.Catalog.Domain\MarGate.Catalog.Domain.csproj", "{6C454CEE-8902-447C-A795-6022F4479FA3}"
EndProject
Project("{9A19103F-16F7-4668-BE54-9A1E7A4F7556}") = "MarGate.Catalog.Persistence", "src\Services\Catalog\Infrastructure\MarGate.Catalog.Persistence\MarGate.Catalog.Persistence.csproj", "{5CC258FC-72D6-4D9D-A8D6-9BD4BFE1CD99}"
EndProject
Project("{2150E333-8FDC-42A3-9474-1A3956D46DE8}") = "Identity", "Identity", "{737C20C1-177E-4AE9-A7FC-5721D86AD1C6}"
EndProject
Project("{2150E333-8FDC-42A3-9474-1A3956D46DE8}") = "Core", "Core", "{FF4165C0-8BE1-414F-AB3F-3E349B7FBA92}"
EndProject
Project("{2150E333-8FDC-42A3-9474-1A3956D46DE8}") = "Test", "Test", "{E98397A3-35DE-4F0E-BA27-900A0101CFF8}"
EndProject
Project("{2150E333-8FDC-42A3-9474-1A3956D46DE8}") = "Presentation", "Presentation", "{FC951D73-58E8-4672-B36B-9C790377B62D}"
EndProject
Project("{2150E333-8FDC-42A3-9474-1A3956D46DE8}") = "Infrastructure", "Infrastructure", "{FB770803-E0E6-420F-9BD7-6AF6627D64E9}"
EndProject
Project("{9A19103F-16F7-4668-BE54-9A1E7A4F7556}") = "MarGate.Identity.Application", "src\Services\Identity\Core\MarGate.Identity.Application\MarGate.Identity.Application.csproj", "{1E52B9F5-7488-48D1-910C-9AD60C0B262A}"
EndProject
Project("{9A19103F-16F7-4668-BE54-9A1E7A4F7556}") = "MarGate.Identity.Domain", "src\Services\Identity\Core\MarGate.Identity.Domain\MarGate.Identity.Domain.csproj", "{20FA202B-7B73-4F25-A4C6-40D275B7A765}"
EndProject
Project("{9A19103F-16F7-4668-BE54-9A1E7A4F7556}") = "MarGate.Identity.Persistence", "src\Services\Identity\Infrastructure\MarGate.Identity.Persistence\MarGate.Identity.Persistence.csproj", "{CB5AE267-A48D-431B-97E5-F1EDC92754E1}"
EndProject
Project("{9A19103F-16F7-4668-BE54-9A1E7A4F7556}") = "MarGate.Identity.Api", "src\Services\Identity\Presentation\MarGate.Identity.Api\MarGate.Identity.Api.csproj", "{D1BF02A7-0B07-47EC-9EC7-6B6050ED0C6A}"
EndProject
Project("{2150E333-8FDC-42A3-9474-1A3956D46DE8}") = "Common", "Common", "{3072B5C9-5F5E-4B89-82E2-44C3B92574D7}"
EndProject
Project("{9A19103F-16F7-4668-BE54-9A1E7A4F7556}") = "MarGate.Core.Common", "src\Core\Common\MarGate.Core.Common\MarGate.Core.Common.csproj", "{403523F3-EC9C-433C-9FB1-FB8AE41F39B8}"
EndProject
Project("{2150E333-8FDC-42A3-9474-1A3956D46DE8}") = "Logging", "Logging", "{BB2A7DF0-7422-4CE8-B9AB-8D86909B3842}"
EndProject
Project("{9A19103F-16F7-4668-BE54-9A1E7A4F7556}") = "MarGate.Core.Logging", "src\Core\Logging\MarGate.Core.Logging\MarGate.Core.Logging.csproj", "{3172FFC1-3167-47C0-8D35-858CF011B03E}"
EndProject
Project("{2150E333-8FDC-42A3-9474-1A3956D46DE8}") = "Persistence", "Persistence", "{5C20A8CA-9910-4E30-9C4F-0135451918E2}"
EndProject
Project("{9A19103F-16F7-4668-BE54-9A1E7A4F7556}") = "MarGate.Core.Persistence", "MarGate.Core.Persistence\MarGate.Core.Persistence.csproj", "{2C53BC82-9574-4B1E-B467-E6875054C9A6}"
EndProject
Global
	GlobalSection(SolutionConfigurationPlatforms) = preSolution
		Debug|Any CPU = Debug|Any CPU
		Release|Any CPU = Release|Any CPU
	EndGlobalSection
	GlobalSection(ProjectConfigurationPlatforms) = postSolution
		{550491F1-88DC-4976-8BFF-A7F186BFFD0F}.Debug|Any CPU.ActiveCfg = Debug|Any CPU
		{550491F1-88DC-4976-8BFF-A7F186BFFD0F}.Debug|Any CPU.Build.0 = Debug|Any CPU
		{550491F1-88DC-4976-8BFF-A7F186BFFD0F}.Release|Any CPU.ActiveCfg = Release|Any CPU
		{550491F1-88DC-4976-8BFF-A7F186BFFD0F}.Release|Any CPU.Build.0 = Release|Any CPU
		{694032F2-DF7E-44E5-B9C8-C380D63A5492}.Debug|Any CPU.ActiveCfg = Debug|Any CPU
		{694032F2-DF7E-44E5-B9C8-C380D63A5492}.Debug|Any CPU.Build.0 = Debug|Any CPU
		{694032F2-DF7E-44E5-B9C8-C380D63A5492}.Release|Any CPU.ActiveCfg = Release|Any CPU
		{694032F2-DF7E-44E5-B9C8-C380D63A5492}.Release|Any CPU.Build.0 = Release|Any CPU
		{CB6C7AB5-AD26-45BB-9973-54434CB708F7}.Debug|Any CPU.ActiveCfg = Debug|Any CPU
		{CB6C7AB5-AD26-45BB-9973-54434CB708F7}.Debug|Any CPU.Build.0 = Debug|Any CPU
		{CB6C7AB5-AD26-45BB-9973-54434CB708F7}.Release|Any CPU.ActiveCfg = Release|Any CPU
		{CB6C7AB5-AD26-45BB-9973-54434CB708F7}.Release|Any CPU.Build.0 = Release|Any CPU
		{454DB9D9-45CF-436B-939C-A46B85F7999F}.Debug|Any CPU.ActiveCfg = Debug|Any CPU
		{454DB9D9-45CF-436B-939C-A46B85F7999F}.Debug|Any CPU.Build.0 = Debug|Any CPU
		{454DB9D9-45CF-436B-939C-A46B85F7999F}.Release|Any CPU.ActiveCfg = Release|Any CPU
		{454DB9D9-45CF-436B-939C-A46B85F7999F}.Release|Any CPU.Build.0 = Release|Any CPU
		{C7F764E5-37A4-48D2-8A17-27EE5D99D736}.Debug|Any CPU.ActiveCfg = Debug|Any CPU
		{C7F764E5-37A4-48D2-8A17-27EE5D99D736}.Debug|Any CPU.Build.0 = Debug|Any CPU
		{C7F764E5-37A4-48D2-8A17-27EE5D99D736}.Release|Any CPU.ActiveCfg = Release|Any CPU
		{C7F764E5-37A4-48D2-8A17-27EE5D99D736}.Release|Any CPU.Build.0 = Release|Any CPU
		{CC5BA9EF-1DAD-4B6A-A4D7-8BCAA482A42A}.Debug|Any CPU.ActiveCfg = Debug|Any CPU
		{CC5BA9EF-1DAD-4B6A-A4D7-8BCAA482A42A}.Debug|Any CPU.Build.0 = Debug|Any CPU
		{CC5BA9EF-1DAD-4B6A-A4D7-8BCAA482A42A}.Release|Any CPU.ActiveCfg = Release|Any CPU
		{CC5BA9EF-1DAD-4B6A-A4D7-8BCAA482A42A}.Release|Any CPU.Build.0 = Release|Any CPU
		{96F13F8C-1A3F-49A7-82C1-8A8FE3B2F5ED}.Debug|Any CPU.ActiveCfg = Debug|Any CPU
		{96F13F8C-1A3F-49A7-82C1-8A8FE3B2F5ED}.Debug|Any CPU.Build.0 = Debug|Any CPU
		{96F13F8C-1A3F-49A7-82C1-8A8FE3B2F5ED}.Release|Any CPU.ActiveCfg = Release|Any CPU
		{96F13F8C-1A3F-49A7-82C1-8A8FE3B2F5ED}.Release|Any CPU.Build.0 = Release|Any CPU
		{ECE57265-9D48-4101-8C30-D9A26BDC3F33}.Debug|Any CPU.ActiveCfg = Debug|Any CPU
		{ECE57265-9D48-4101-8C30-D9A26BDC3F33}.Debug|Any CPU.Build.0 = Debug|Any CPU
		{ECE57265-9D48-4101-8C30-D9A26BDC3F33}.Release|Any CPU.ActiveCfg = Release|Any CPU
		{ECE57265-9D48-4101-8C30-D9A26BDC3F33}.Release|Any CPU.Build.0 = Release|Any CPU
		{A1DD6569-B251-4A1B-B2D3-952A0232DFDB}.Debug|Any CPU.ActiveCfg = Debug|Any CPU
		{A1DD6569-B251-4A1B-B2D3-952A0232DFDB}.Debug|Any CPU.Build.0 = Debug|Any CPU
		{A1DD6569-B251-4A1B-B2D3-952A0232DFDB}.Release|Any CPU.ActiveCfg = Release|Any CPU
		{A1DD6569-B251-4A1B-B2D3-952A0232DFDB}.Release|Any CPU.Build.0 = Release|Any CPU
		{80085833-0D44-460E-A2B1-4A43C089B695}.Debug|Any CPU.ActiveCfg = Debug|Any CPU
		{80085833-0D44-460E-A2B1-4A43C089B695}.Debug|Any CPU.Build.0 = Debug|Any CPU
		{80085833-0D44-460E-A2B1-4A43C089B695}.Release|Any CPU.ActiveCfg = Release|Any CPU
		{80085833-0D44-460E-A2B1-4A43C089B695}.Release|Any CPU.Build.0 = Release|Any CPU
		{0F71D218-88CF-484F-91FA-B6FAF3B126E1}.Debug|Any CPU.ActiveCfg = Debug|Any CPU
		{0F71D218-88CF-484F-91FA-B6FAF3B126E1}.Debug|Any CPU.Build.0 = Debug|Any CPU
		{0F71D218-88CF-484F-91FA-B6FAF3B126E1}.Release|Any CPU.ActiveCfg = Release|Any CPU
		{0F71D218-88CF-484F-91FA-B6FAF3B126E1}.Release|Any CPU.Build.0 = Release|Any CPU
		{8EA1553E-C6D6-45DD-87E0-BFF9B9D49898}.Debug|Any CPU.ActiveCfg = Debug|Any CPU
		{8EA1553E-C6D6-45DD-87E0-BFF9B9D49898}.Debug|Any CPU.Build.0 = Debug|Any CPU
		{8EA1553E-C6D6-45DD-87E0-BFF9B9D49898}.Release|Any CPU.ActiveCfg = Release|Any CPU
		{8EA1553E-C6D6-45DD-87E0-BFF9B9D49898}.Release|Any CPU.Build.0 = Release|Any CPU
		{01A28954-A089-4658-8D2F-1BD0B10DE369}.Debug|Any CPU.ActiveCfg = Debug|Any CPU
		{01A28954-A089-4658-8D2F-1BD0B10DE369}.Debug|Any CPU.Build.0 = Debug|Any CPU
		{01A28954-A089-4658-8D2F-1BD0B10DE369}.Release|Any CPU.ActiveCfg = Release|Any CPU
		{01A28954-A089-4658-8D2F-1BD0B10DE369}.Release|Any CPU.Build.0 = Release|Any CPU
		{63C03E4A-9B6C-42D3-835F-B4A639A1B8E9}.Debug|Any CPU.ActiveCfg = Debug|Any CPU
		{63C03E4A-9B6C-42D3-835F-B4A639A1B8E9}.Debug|Any CPU.Build.0 = Debug|Any CPU
		{63C03E4A-9B6C-42D3-835F-B4A639A1B8E9}.Release|Any CPU.ActiveCfg = Release|Any CPU
		{63C03E4A-9B6C-42D3-835F-B4A639A1B8E9}.Release|Any CPU.Build.0 = Release|Any CPU
		{2500CFAB-3D1A-4D52-B6D1-19CEEE5B5545}.Debug|Any CPU.ActiveCfg = Debug|Any CPU
		{2500CFAB-3D1A-4D52-B6D1-19CEEE5B5545}.Debug|Any CPU.Build.0 = Debug|Any CPU
		{2500CFAB-3D1A-4D52-B6D1-19CEEE5B5545}.Release|Any CPU.ActiveCfg = Release|Any CPU
		{2500CFAB-3D1A-4D52-B6D1-19CEEE5B5545}.Release|Any CPU.Build.0 = Release|Any CPU
		{7ABBCE50-A000-48A6-A6B6-D04319E52673}.Debug|Any CPU.ActiveCfg = Debug|Any CPU
		{7ABBCE50-A000-48A6-A6B6-D04319E52673}.Debug|Any CPU.Build.0 = Debug|Any CPU
		{7ABBCE50-A000-48A6-A6B6-D04319E52673}.Release|Any CPU.ActiveCfg = Release|Any CPU
		{7ABBCE50-A000-48A6-A6B6-D04319E52673}.Release|Any CPU.Build.0 = Release|Any CPU
		{6C454CEE-8902-447C-A795-6022F4479FA3}.Debug|Any CPU.ActiveCfg = Debug|Any CPU
		{6C454CEE-8902-447C-A795-6022F4479FA3}.Debug|Any CPU.Build.0 = Debug|Any CPU
		{6C454CEE-8902-447C-A795-6022F4479FA3}.Release|Any CPU.ActiveCfg = Release|Any CPU
		{6C454CEE-8902-447C-A795-6022F4479FA3}.Release|Any CPU.Build.0 = Release|Any CPU
		{5CC258FC-72D6-4D9D-A8D6-9BD4BFE1CD99}.Debug|Any CPU.ActiveCfg = Debug|Any CPU
		{5CC258FC-72D6-4D9D-A8D6-9BD4BFE1CD99}.Debug|Any CPU.Build.0 = Debug|Any CPU
		{5CC258FC-72D6-4D9D-A8D6-9BD4BFE1CD99}.Release|Any CPU.ActiveCfg = Release|Any CPU
		{5CC258FC-72D6-4D9D-A8D6-9BD4BFE1CD99}.Release|Any CPU.Build.0 = Release|Any CPU
		{1E52B9F5-7488-48D1-910C-9AD60C0B262A}.Debug|Any CPU.ActiveCfg = Debug|Any CPU
		{1E52B9F5-7488-48D1-910C-9AD60C0B262A}.Debug|Any CPU.Build.0 = Debug|Any CPU
		{1E52B9F5-7488-48D1-910C-9AD60C0B262A}.Release|Any CPU.ActiveCfg = Release|Any CPU
		{1E52B9F5-7488-48D1-910C-9AD60C0B262A}.Release|Any CPU.Build.0 = Release|Any CPU
		{20FA202B-7B73-4F25-A4C6-40D275B7A765}.Debug|Any CPU.ActiveCfg = Debug|Any CPU
		{20FA202B-7B73-4F25-A4C6-40D275B7A765}.Debug|Any CPU.Build.0 = Debug|Any CPU
		{20FA202B-7B73-4F25-A4C6-40D275B7A765}.Release|Any CPU.ActiveCfg = Release|Any CPU
		{20FA202B-7B73-4F25-A4C6-40D275B7A765}.Release|Any CPU.Build.0 = Release|Any CPU
		{CB5AE267-A48D-431B-97E5-F1EDC92754E1}.Debug|Any CPU.ActiveCfg = Debug|Any CPU
		{CB5AE267-A48D-431B-97E5-F1EDC92754E1}.Debug|Any CPU.Build.0 = Debug|Any CPU
		{CB5AE267-A48D-431B-97E5-F1EDC92754E1}.Release|Any CPU.ActiveCfg = Release|Any CPU
		{CB5AE267-A48D-431B-97E5-F1EDC92754E1}.Release|Any CPU.Build.0 = Release|Any CPU
		{D1BF02A7-0B07-47EC-9EC7-6B6050ED0C6A}.Debug|Any CPU.ActiveCfg = Debug|Any CPU
		{D1BF02A7-0B07-47EC-9EC7-6B6050ED0C6A}.Debug|Any CPU.Build.0 = Debug|Any CPU
		{D1BF02A7-0B07-47EC-9EC7-6B6050ED0C6A}.Release|Any CPU.ActiveCfg = Release|Any CPU
		{D1BF02A7-0B07-47EC-9EC7-6B6050ED0C6A}.Release|Any CPU.Build.0 = Release|Any CPU
		{403523F3-EC9C-433C-9FB1-FB8AE41F39B8}.Debug|Any CPU.ActiveCfg = Debug|Any CPU
		{403523F3-EC9C-433C-9FB1-FB8AE41F39B8}.Debug|Any CPU.Build.0 = Debug|Any CPU
		{403523F3-EC9C-433C-9FB1-FB8AE41F39B8}.Release|Any CPU.ActiveCfg = Release|Any CPU
		{403523F3-EC9C-433C-9FB1-FB8AE41F39B8}.Release|Any CPU.Build.0 = Release|Any CPU
		{3172FFC1-3167-47C0-8D35-858CF011B03E}.Debug|Any CPU.ActiveCfg = Debug|Any CPU
		{3172FFC1-3167-47C0-8D35-858CF011B03E}.Debug|Any CPU.Build.0 = Debug|Any CPU
		{3172FFC1-3167-47C0-8D35-858CF011B03E}.Release|Any CPU.ActiveCfg = Release|Any CPU
		{3172FFC1-3167-47C0-8D35-858CF011B03E}.Release|Any CPU.Build.0 = Release|Any CPU
		{2C53BC82-9574-4B1E-B467-E6875054C9A6}.Debug|Any CPU.ActiveCfg = Debug|Any CPU
		{2C53BC82-9574-4B1E-B467-E6875054C9A6}.Debug|Any CPU.Build.0 = Debug|Any CPU
		{2C53BC82-9574-4B1E-B467-E6875054C9A6}.Release|Any CPU.ActiveCfg = Release|Any CPU
		{2C53BC82-9574-4B1E-B467-E6875054C9A6}.Release|Any CPU.Build.0 = Release|Any CPU
	EndGlobalSection
	GlobalSection(SolutionProperties) = preSolution
		HideSolutionNode = FALSE
	EndGlobalSection
	GlobalSection(NestedProjects) = preSolution
		{CE704BEB-D38C-4C47-9128-7CFF07AD8C89} = {60A3FD98-7F29-450F-9371-BF82BC9B3C95}
		{84694D8B-1A7C-4F2D-BAA4-11FFFBFE8465} = {60A3FD98-7F29-450F-9371-BF82BC9B3C95}
		{F547CB9B-C2DC-4C4C-904D-6842230F5540} = {60A3FD98-7F29-450F-9371-BF82BC9B3C95}
		{406D4DCC-DD3F-4DE5-9CFB-DC587FC4B007} = {CE704BEB-D38C-4C47-9128-7CFF07AD8C89}
		{E4C47FBA-97FC-4C55-A6E4-33B67A1A268E} = {406D4DCC-DD3F-4DE5-9CFB-DC587FC4B007}
		{457987F1-1780-4AE9-92FE-42A5891F42F3} = {406D4DCC-DD3F-4DE5-9CFB-DC587FC4B007}
		{277F3F39-92C3-4D8D-9542-42E5ECB25E13} = {406D4DCC-DD3F-4DE5-9CFB-DC587FC4B007}
		{2F6662E3-C77F-481F-862E-BB6205ABFD90} = {406D4DCC-DD3F-4DE5-9CFB-DC587FC4B007}
		{550491F1-88DC-4976-8BFF-A7F186BFFD0F} = {E4C47FBA-97FC-4C55-A6E4-33B67A1A268E}
		{694032F2-DF7E-44E5-B9C8-C380D63A5492} = {2F6662E3-C77F-481F-862E-BB6205ABFD90}
		{CB6C7AB5-AD26-45BB-9973-54434CB708F7} = {2F6662E3-C77F-481F-862E-BB6205ABFD90}
		{454DB9D9-45CF-436B-939C-A46B85F7999F} = {277F3F39-92C3-4D8D-9542-42E5ECB25E13}
		{BB3C9090-80E6-496A-B7C2-2C9EF24B5FDF} = {84694D8B-1A7C-4F2D-BAA4-11FFFBFE8465}
		{668F5486-4154-4858-B265-A3BF1051E188} = {84694D8B-1A7C-4F2D-BAA4-11FFFBFE8465}
		{C7F764E5-37A4-48D2-8A17-27EE5D99D736} = {BB3C9090-80E6-496A-B7C2-2C9EF24B5FDF}
		{CC5BA9EF-1DAD-4B6A-A4D7-8BCAA482A42A} = {668F5486-4154-4858-B265-A3BF1051E188}
		{BB3D6BF8-C285-4DCA-83E1-AD8ADA79B032} = {CE704BEB-D38C-4C47-9128-7CFF07AD8C89}
		{A2CDDF54-7B74-4275-ABF5-F52788186D34} = {BB3D6BF8-C285-4DCA-83E1-AD8ADA79B032}
		{299D8EBF-5B0B-419E-9F38-E5BD2E64BCEC} = {BB3D6BF8-C285-4DCA-83E1-AD8ADA79B032}
		{856448AA-8AAD-4AC6-9D9B-0D1091B4AE8B} = {BB3D6BF8-C285-4DCA-83E1-AD8ADA79B032}
		{B27B227E-58DB-43BF-A54E-69F6F383030C} = {BB3D6BF8-C285-4DCA-83E1-AD8ADA79B032}
		{96F13F8C-1A3F-49A7-82C1-8A8FE3B2F5ED} = {A2CDDF54-7B74-4275-ABF5-F52788186D34}
		{ECE57265-9D48-4101-8C30-D9A26BDC3F33} = {A2CDDF54-7B74-4275-ABF5-F52788186D34}
		{A1DD6569-B251-4A1B-B2D3-952A0232DFDB} = {299D8EBF-5B0B-419E-9F38-E5BD2E64BCEC}
		{80085833-0D44-460E-A2B1-4A43C089B695} = {856448AA-8AAD-4AC6-9D9B-0D1091B4AE8B}
		{B1131E05-F9F2-409A-AEE7-9BC3D01D24B8} = {CE704BEB-D38C-4C47-9128-7CFF07AD8C89}
		{A79F8B2D-95C6-4235-AB2A-D24FDC7A0CFD} = {B1131E05-F9F2-409A-AEE7-9BC3D01D24B8}
		{30E84C29-8A76-4247-A8FF-ECE912C40966} = {B1131E05-F9F2-409A-AEE7-9BC3D01D24B8}
		{6D821A19-9088-412E-BEB1-9BDD7B2E5EE4} = {B1131E05-F9F2-409A-AEE7-9BC3D01D24B8}
		{A70D81CC-A60E-44FE-A887-E226B81FC83C} = {B1131E05-F9F2-409A-AEE7-9BC3D01D24B8}
		{0F71D218-88CF-484F-91FA-B6FAF3B126E1} = {A79F8B2D-95C6-4235-AB2A-D24FDC7A0CFD}
		{8EA1553E-C6D6-45DD-87E0-BFF9B9D49898} = {A79F8B2D-95C6-4235-AB2A-D24FDC7A0CFD}
		{01A28954-A089-4658-8D2F-1BD0B10DE369} = {6D821A19-9088-412E-BEB1-9BDD7B2E5EE4}
		{63C03E4A-9B6C-42D3-835F-B4A639A1B8E9} = {A70D81CC-A60E-44FE-A887-E226B81FC83C}
		{B6F633F4-4133-4359-A783-4960F83F96FD} = {CE704BEB-D38C-4C47-9128-7CFF07AD8C89}
		{89180B1D-C984-425C-863F-FF0067ADA27F} = {B6F633F4-4133-4359-A783-4960F83F96FD}
		{89B19398-B3CC-4607-9317-7FF07B2A163D} = {B6F633F4-4133-4359-A783-4960F83F96FD}
		{4BF2C2C8-79EE-4581-ACB2-2ED93E2E191B} = {B6F633F4-4133-4359-A783-4960F83F96FD}
		{957FCF70-A918-43DA-8EED-E2A2F1795C34} = {B6F633F4-4133-4359-A783-4960F83F96FD}
		{2500CFAB-3D1A-4D52-B6D1-19CEEE5B5545} = {89180B1D-C984-425C-863F-FF0067ADA27F}
		{7ABBCE50-A000-48A6-A6B6-D04319E52673} = {957FCF70-A918-43DA-8EED-E2A2F1795C34}
		{6C454CEE-8902-447C-A795-6022F4479FA3} = {89180B1D-C984-425C-863F-FF0067ADA27F}
		{5CC258FC-72D6-4D9D-A8D6-9BD4BFE1CD99} = {89B19398-B3CC-4607-9317-7FF07B2A163D}
		{737C20C1-177E-4AE9-A7FC-5721D86AD1C6} = {CE704BEB-D38C-4C47-9128-7CFF07AD8C89}
		{FF4165C0-8BE1-414F-AB3F-3E349B7FBA92} = {737C20C1-177E-4AE9-A7FC-5721D86AD1C6}
		{E98397A3-35DE-4F0E-BA27-900A0101CFF8} = {737C20C1-177E-4AE9-A7FC-5721D86AD1C6}
		{FC951D73-58E8-4672-B36B-9C790377B62D} = {737C20C1-177E-4AE9-A7FC-5721D86AD1C6}
		{FB770803-E0E6-420F-9BD7-6AF6627D64E9} = {737C20C1-177E-4AE9-A7FC-5721D86AD1C6}
		{1E52B9F5-7488-48D1-910C-9AD60C0B262A} = {FF4165C0-8BE1-414F-AB3F-3E349B7FBA92}
		{20FA202B-7B73-4F25-A4C6-40D275B7A765} = {FF4165C0-8BE1-414F-AB3F-3E349B7FBA92}
		{CB5AE267-A48D-431B-97E5-F1EDC92754E1} = {FB770803-E0E6-420F-9BD7-6AF6627D64E9}
		{D1BF02A7-0B07-47EC-9EC7-6B6050ED0C6A} = {FC951D73-58E8-4672-B36B-9C790377B62D}
		{3072B5C9-5F5E-4B89-82E2-44C3B92574D7} = {84694D8B-1A7C-4F2D-BAA4-11FFFBFE8465}
		{403523F3-EC9C-433C-9FB1-FB8AE41F39B8} = {3072B5C9-5F5E-4B89-82E2-44C3B92574D7}
		{BB2A7DF0-7422-4CE8-B9AB-8D86909B3842} = {84694D8B-1A7C-4F2D-BAA4-11FFFBFE8465}
		{3172FFC1-3167-47C0-8D35-858CF011B03E} = {BB2A7DF0-7422-4CE8-B9AB-8D86909B3842}
		{5C20A8CA-9910-4E30-9C4F-0135451918E2} = {84694D8B-1A7C-4F2D-BAA4-11FFFBFE8465}
		{2C53BC82-9574-4B1E-B467-E6875054C9A6} = {5C20A8CA-9910-4E30-9C4F-0135451918E2}
	EndGlobalSection
	GlobalSection(ExtensibilityGlobals) = postSolution
		SolutionGuid = {E3B144C6-7706-4531-A9FE-FD1CE2C13A44}
	EndGlobalSection
EndGlobal
